
Microsoft Visual Studio Solution File, Format Version 12.00
# Visual Studio Version 17
VisualStudioVersion = 17.12.35527.113
MinimumVisualStudioVersion = 10.0.40219.1
Project("{FAE04EC0-301F-11D3-BF4B-00C04F79EFBC}") = "RealBuildPOC.Server", "RealBuildPOC.Server\RealBuildPOC.Server.csproj", "{A53D5CF9-6403-43DB-95DB-3DDBF073D336}"
EndProject
Project("{54A90642-561A-4BB1-A94E-469ADEE60C69}") = "realbuildpoc.client", "realbuildpoc.client\realbuildpoc.client.esproj", "{902902B9-DE99-4A5D-AC75-F8A8106EEC2C}"
EndProject
Project("{FAE04EC0-301F-11D3-BF4B-00C04F79EFBC}") = "RealBuildPOC.Gateway", "RealBuildPOC.Gateway\RealBuildPOC.Gateway.csproj", "{B4C7DA64-6D30-4987-B65C-F1C9565034F8}"
EndProject
Project("{FAE04EC0-301F-11D3-BF4B-00C04F79EFBC}") = "RealBuildPOC.ProductService", "RealBuildPOC.ProductService\RealBuildPOC.ProductService.csproj", "{31B60301-1641-48AC-A87E-2673ED583A3B}"
EndProject
Project("{FAE04EC0-301F-11D3-BF4B-00C04F79EFBC}") = "RealBuildPOC.AdminSellerService", "RealBuildPOC.AdminSellerService\RealBuildPOC.AdminSellerService.csproj", "{2C51DA3D-9848-4D5B-911D-04C8B249BC4A}"
EndProject
Project("{FAE04EC0-301F-11D3-BF4B-00C04F79EFBC}") = "RealBuildPOC.OrderService", "RealBuildPOC.OrderService\RealBuildPOC.OrderService.csproj", "{33D66DC0-4E24-4577-8E2C-17261D016138}"
EndProject
Project("{FAE04EC0-301F-11D3-BF4B-00C04F79EFBC}") = "RealBuildPOC.CMSService", "RealBuildPOC.CMSService\RealBuildPOC.CMSService.csproj", "{5A2A02F9-0CEB-48FD-84B2-C200CD61782B}"
EndProject
Project("{FAE04EC0-301F-11D3-BF4B-00C04F79EFBC}") = "RealBuildPOC.Shared", "RealBuildPOC.Shared\RealBuildPOC.Shared.csproj", "{5D51E176-4C77-4DFF-8268-990C0775C27C}"
EndProject
Project("{FAE04EC0-301F-11D3-BF4B-00C04F79EFBC}") = "UserService.Api", "RealBuildPOC.UserService\UserService.Api\UserService.Api.csproj", "{378C0C43-3B6D-493B-A404-35CD0043FF50}"
EndProject
Project("{FAE04EC0-301F-11D3-BF4B-00C04F79EFBC}") = "UserService.Application", "RealBuildPOC.UserService\UserService.Application\UserService.Application.csproj", "{1FFAF63D-47D0-4366-B6A6-79894B2720F3}"
EndProject
Project("{FAE04EC0-301F-11D3-BF4B-00C04F79EFBC}") = "UserService.Domain", "RealBuildPOC.UserService\UserService.Domain\UserService.Domain.csproj", "{37040F10-EE1C-41FC-9662-AC3443710DF0}"
EndProject
Project("{FAE04EC0-301F-11D3-BF4B-00C04F79EFBC}") = "UserService.Infrastructure", "RealBuildPOC.UserService\UserService.Infrastructure\UserService.Infrastructure.csproj", "{40CF20F3-6601-4082-9D0F-4083E2C90B8D}"
EndProject
Project("{2150E333-8FDC-42A3-9474-1A3956D46DE8}") = "RealBuildPOC.UserService", "RealBuildPOC.UserService", "{5E8E8DD1-6329-464B-83EA-EB55615F337B}"
EndProject
Global
	GlobalSection(SolutionConfigurationPlatforms) = preSolution
		Debug|Any CPU = Debug|Any CPU
		Release|Any CPU = Release|Any CPU
	EndGlobalSection
	GlobalSection(ProjectConfigurationPlatforms) = postSolution
		{A53D5CF9-6403-43DB-95DB-3DDBF073D336}.Debug|Any CPU.ActiveCfg = Debug|Any CPU
		{A53D5CF9-6403-43DB-95DB-3DDBF073D336}.Debug|Any CPU.Build.0 = Debug|Any CPU
		{A53D5CF9-6403-43DB-95DB-3DDBF073D336}.Release|Any CPU.ActiveCfg = Release|Any CPU
		{A53D5CF9-6403-43DB-95DB-3DDBF073D336}.Release|Any CPU.Build.0 = Release|Any CPU
		{902902B9-DE99-4A5D-AC75-F8A8106EEC2C}.Debug|Any CPU.ActiveCfg = Debug|Any CPU
		{902902B9-DE99-4A5D-AC75-F8A8106EEC2C}.Debug|Any CPU.Build.0 = Debug|Any CPU
		{902902B9-DE99-4A5D-AC75-F8A8106EEC2C}.Debug|Any CPU.Deploy.0 = Debug|Any CPU
		{902902B9-DE99-4A5D-AC75-F8A8106EEC2C}.Release|Any CPU.ActiveCfg = Release|Any CPU
		{902902B9-DE99-4A5D-AC75-F8A8106EEC2C}.Release|Any CPU.Build.0 = Release|Any CPU
		{902902B9-DE99-4A5D-AC75-F8A8106EEC2C}.Release|Any CPU.Deploy.0 = Release|Any CPU
		{B4C7DA64-6D30-4987-B65C-F1C9565034F8}.Debug|Any CPU.ActiveCfg = Debug|Any CPU
		{B4C7DA64-6D30-4987-B65C-F1C9565034F8}.Debug|Any CPU.Build.0 = Debug|Any CPU
		{B4C7DA64-6D30-4987-B65C-F1C9565034F8}.Release|Any CPU.ActiveCfg = Release|Any CPU
		{B4C7DA64-6D30-4987-B65C-F1C9565034F8}.Release|Any CPU.Build.0 = Release|Any CPU
		{31B60301-1641-48AC-A87E-2673ED583A3B}.Debug|Any CPU.ActiveCfg = Debug|Any CPU
		{31B60301-1641-48AC-A87E-2673ED583A3B}.Debug|Any CPU.Build.0 = Debug|Any CPU
		{31B60301-1641-48AC-A87E-2673ED583A3B}.Release|Any CPU.ActiveCfg = Release|Any CPU
		{31B60301-1641-48AC-A87E-2673ED583A3B}.Release|Any CPU.Build.0 = Release|Any CPU
		{2C51DA3D-9848-4D5B-911D-04C8B249BC4A}.Debug|Any CPU.ActiveCfg = Debug|Any CPU
		{2C51DA3D-9848-4D5B-911D-04C8B249BC4A}.Debug|Any CPU.Build.0 = Debug|Any CPU
		{2C51DA3D-9848-4D5B-911D-04C8B249BC4A}.Release|Any CPU.ActiveCfg = Release|Any CPU
		{2C51DA3D-9848-4D5B-911D-04C8B249BC4A}.Release|Any CPU.Build.0 = Release|Any CPU
		{33D66DC0-4E24-4577-8E2C-17261D016138}.Debug|Any CPU.ActiveCfg = Debug|Any CPU
		{33D66DC0-4E24-4577-8E2C-17261D016138}.Debug|Any CPU.Build.0 = Debug|Any CPU
		{33D66DC0-4E24-4577-8E2C-17261D016138}.Release|Any CPU.ActiveCfg = Release|Any CPU
		{33D66DC0-4E24-4577-8E2C-17261D016138}.Release|Any CPU.Build.0 = Release|Any CPU
		{5A2A02F9-0CEB-48FD-84B2-C200CD61782B}.Debug|Any CPU.ActiveCfg = Debug|Any CPU
		{5A2A02F9-0CEB-48FD-84B2-C200CD61782B}.Debug|Any CPU.Build.0 = Debug|Any CPU
		{5A2A02F9-0CEB-48FD-84B2-C200CD61782B}.Release|Any CPU.ActiveCfg = Release|Any CPU
		{5A2A02F9-0CEB-48FD-84B2-C200CD61782B}.Release|Any CPU.Build.0 = Release|Any CPU
		{5D51E176-4C77-4DFF-8268-990C0775C27C}.Debug|Any CPU.ActiveCfg = Debug|Any CPU
		{5D51E176-4C77-4DFF-8268-990C0775C27C}.Debug|Any CPU.Build.0 = Debug|Any CPU
		{5D51E176-4C77-4DFF-8268-990C0775C27C}.Release|Any CPU.ActiveCfg = Release|Any CPU
		{5D51E176-4C77-4DFF-8268-990C0775C27C}.Release|Any CPU.Build.0 = Release|Any CPU
		{378C0C43-3B6D-493B-A404-35CD0043FF50}.Debug|Any CPU.ActiveCfg = Debug|Any CPU
		{378C0C43-3B6D-493B-A404-35CD0043FF50}.Debug|Any CPU.Build.0 = Debug|Any CPU
		{378C0C43-3B6D-493B-A404-35CD0043FF50}.Release|Any CPU.ActiveCfg = Release|Any CPU
		{378C0C43-3B6D-493B-A404-35CD0043FF50}.Release|Any CPU.Build.0 = Release|Any CPU
		{1FFAF63D-47D0-4366-B6A6-79894B2720F3}.Debug|Any CPU.ActiveCfg = Debug|Any CPU
		{1FFAF63D-47D0-4366-B6A6-79894B2720F3}.Debug|Any CPU.Build.0 = Debug|Any CPU
		{1FFAF63D-47D0-4366-B6A6-79894B2720F3}.Release|Any CPU.ActiveCfg = Release|Any CPU
		{1FFAF63D-47D0-4366-B6A6-79894B2720F3}.Release|Any CPU.Build.0 = Release|Any CPU
		{37040F10-EE1C-41FC-9662-AC3443710DF0}.Debug|Any CPU.ActiveCfg = Debug|Any CPU
		{37040F10-EE1C-41FC-9662-AC3443710DF0}.Debug|Any CPU.Build.0 = Debug|Any CPU
		{37040F10-EE1C-41FC-9662-AC3443710DF0}.Release|Any CPU.ActiveCfg = Release|Any CPU
		{37040F10-EE1C-41FC-9662-AC3443710DF0}.Release|Any CPU.Build.0 = Release|Any CPU
		{40CF20F3-6601-4082-9D0F-4083E2C90B8D}.Debug|Any CPU.ActiveCfg = Debug|Any CPU
		{40CF20F3-6601-4082-9D0F-4083E2C90B8D}.Debug|Any CPU.Build.0 = Debug|Any CPU
		{40CF20F3-6601-4082-9D0F-4083E2C90B8D}.Release|Any CPU.ActiveCfg = Release|Any CPU
		{40CF20F3-6601-4082-9D0F-4083E2C90B8D}.Release|Any CPU.Build.0 = Release|Any CPU
	EndGlobalSection
	GlobalSection(SolutionProperties) = preSolution
		HideSolutionNode = FALSE
	EndGlobalSection
	GlobalSection(NestedProjects) = preSolution
		{378C0C43-3B6D-493B-A404-35CD0043FF50} = {5E8E8DD1-6329-464B-83EA-EB55615F337B}
		{1FFAF63D-47D0-4366-B6A6-79894B2720F3} = {5E8E8DD1-6329-464B-83EA-EB55615F337B}
		{37040F10-EE1C-41FC-9662-AC3443710DF0} = {5E8E8DD1-6329-464B-83EA-EB55615F337B}
		{40CF20F3-6601-4082-9D0F-4083E2C90B8D} = {5E8E8DD1-6329-464B-83EA-EB55615F337B}
	EndGlobalSection
EndGlobal
