
Microsoft Visual Studio Solution File, Format Version 12.00
# Visual Studio Version 17
VisualStudioVersion = 17.12.35527.113
MinimumVisualStudioVersion = 10.0.40219.1
Project("{FAE04EC0-301F-11D3-BF4B-00C04F79EFBC}") = "RealBuildPOC.Server", "RealBuildPOC.Server\RealBuildPOC.Server.csproj", "{A53D5CF9-6403-43DB-95DB-3DDBF073D336}"
EndProject
Project("{54A90642-561A-4BB1-A94E-469ADEE60C69}") = "realbuildpoc.client", "realbuildpoc.client\realbuildpoc.client.esproj", "{902902B9-DE99-4A5D-AC75-F8A8106EEC2C}"
EndProject
Project("{FAE04EC0-301F-11D3-BF4B-00C04F79EFBC}") = "RealBuildPOC.Gateway", "RealBuildPOC.Gateway\RealBuildPOC.Gateway.csproj", "{B4C7DA64-6D30-4987-B65C-F1C9565034F8}"
EndProject
Project("{FAE04EC0-301F-11D3-BF4B-00C04F79EFBC}") = "RealBuildPOC.UserService", "RealBuildPOC.UserService\RealBuildPOC.UserService.csproj", "{33E68879-49EE-4F27-9B20-CCAEACAF3EE6}"
EndProject
Project("{FAE04EC0-301F-11D3-BF4B-00C04F79EFBC}") = "RealBuildPOC.ProductService", "RealBuildPOC.ProductService\RealBuildPOC.ProductService.csproj", "{31B60301-1641-48AC-A87E-2673ED583A3B}"
EndProject
Project("{FAE04EC0-301F-11D3-BF4B-00C04F79EFBC}") = "RealBuildPOC.AdminSellerService", "RealBuildPOC.AdminSellerService\RealBuildPOC.AdminSellerService.csproj", "{2C51DA3D-9848-4D5B-911D-04C8B249BC4A}"
EndProject
Project("{FAE04EC0-301F-11D3-BF4B-00C04F79EFBC}") = "RealBuildPOC.OrderService", "RealBuildPOC.OrderService\RealBuildPOC.OrderService.csproj", "{33D66DC0-4E24-4577-8E2C-17261D016138}"
EndProject
Project("{FAE04EC0-301F-11D3-BF4B-00C04F79EFBC}") = "RealBuildPOC.CMSService", "RealBuildPOC.CMSService\RealBuildPOC.CMSService.csproj", "{5A2A02F9-0CEB-48FD-84B2-C200CD61782B}"
EndProject
Project("{FAE04EC0-301F-11D3-BF4B-00C04F79EFBC}") = "RealBuildPOC.Shared", "RealBuildPOC.Shared\RealBuildPOC.Shared.csproj", "{5D51E176-4C77-4DFF-8268-990C0775C27C}"
EndProject
Global
	GlobalSection(SolutionConfigurationPlatforms) = preSolution
		Debug|Any CPU = Debug|Any CPU
		Release|Any CPU = Release|Any CPU
	EndGlobalSection
	GlobalSection(ProjectConfigurationPlatforms) = postSolution
		{A53D5CF9-6403-43DB-95DB-3DDBF073D336}.Debug|Any CPU.ActiveCfg = Debug|Any CPU
		{A53D5CF9-6403-43DB-95DB-3DDBF073D336}.Debug|Any CPU.Build.0 = Debug|Any CPU
		{A53D5CF9-6403-43DB-95DB-3DDBF073D336}.Release|Any CPU.ActiveCfg = Release|Any CPU
		{A53D5CF9-6403-43DB-95DB-3DDBF073D336}.Release|Any CPU.Build.0 = Release|Any CPU
		{902902B9-DE99-4A5D-AC75-F8A8106EEC2C}.Debug|Any CPU.ActiveCfg = Debug|Any CPU
		{902902B9-DE99-4A5D-AC75-F8A8106EEC2C}.Debug|Any CPU.Build.0 = Debug|Any CPU
		{902902B9-DE99-4A5D-AC75-F8A8106EEC2C}.Debug|Any CPU.Deploy.0 = Debug|Any CPU
		{902902B9-DE99-4A5D-AC75-F8A8106EEC2C}.Release|Any CPU.ActiveCfg = Release|Any CPU
		{902902B9-DE99-4A5D-AC75-F8A8106EEC2C}.Release|Any CPU.Build.0 = Release|Any CPU
		{902902B9-DE99-4A5D-AC75-F8A8106EEC2C}.Release|Any CPU.Deploy.0 = Release|Any CPU
		{B4C7DA64-6D30-4987-B65C-F1C9565034F8}.Debug|Any CPU.ActiveCfg = Debug|Any CPU
		{B4C7DA64-6D30-4987-B65C-F1C9565034F8}.Debug|Any CPU.Build.0 = Debug|Any CPU
		{B4C7DA64-6D30-4987-B65C-F1C9565034F8}.Release|Any CPU.ActiveCfg = Release|Any CPU
		{B4C7DA64-6D30-4987-B65C-F1C9565034F8}.Release|Any CPU.Build.0 = Release|Any CPU
		{33E68879-49EE-4F27-9B20-CCAEACAF3EE6}.Debug|Any CPU.ActiveCfg = Debug|Any CPU
		{33E68879-49EE-4F27-9B20-CCAEACAF3EE6}.Debug|Any CPU.Build.0 = Debug|Any CPU
		{33E68879-49EE-4F27-9B20-CCAEACAF3EE6}.Release|Any CPU.ActiveCfg = Release|Any CPU
		{33E68879-49EE-4F27-9B20-CCAEACAF3EE6}.Release|Any CPU.Build.0 = Release|Any CPU
		{31B60301-1641-48AC-A87E-2673ED583A3B}.Debug|Any CPU.ActiveCfg = Debug|Any CPU
		{31B60301-1641-48AC-A87E-2673ED583A3B}.Debug|Any CPU.Build.0 = Debug|Any CPU
		{31B60301-1641-48AC-A87E-2673ED583A3B}.Release|Any CPU.ActiveCfg = Release|Any CPU
		{31B60301-1641-48AC-A87E-2673ED583A3B}.Release|Any CPU.Build.0 = Release|Any CPU
		{2C51DA3D-9848-4D5B-911D-04C8B249BC4A}.Debug|Any CPU.ActiveCfg = Debug|Any CPU
		{2C51DA3D-9848-4D5B-911D-04C8B249BC4A}.Debug|Any CPU.Build.0 = Debug|Any CPU
		{2C51DA3D-9848-4D5B-911D-04C8B249BC4A}.Release|Any CPU.ActiveCfg = Release|Any CPU
		{2C51DA3D-9848-4D5B-911D-04C8B249BC4A}.Release|Any CPU.Build.0 = Release|Any CPU
		{33D66DC0-4E24-4577-8E2C-17261D016138}.Debug|Any CPU.ActiveCfg = Debug|Any CPU
		{33D66DC0-4E24-4577-8E2C-17261D016138}.Debug|Any CPU.Build.0 = Debug|Any CPU
		{33D66DC0-4E24-4577-8E2C-17261D016138}.Release|Any CPU.ActiveCfg = Release|Any CPU
		{33D66DC0-4E24-4577-8E2C-17261D016138}.Release|Any CPU.Build.0 = Release|Any CPU
		{5A2A02F9-0CEB-48FD-84B2-C200CD61782B}.Debug|Any CPU.ActiveCfg = Debug|Any CPU
		{5A2A02F9-0CEB-48FD-84B2-C200CD61782B}.Debug|Any CPU.Build.0 = Debug|Any CPU
		{5A2A02F9-0CEB-48FD-84B2-C200CD61782B}.Release|Any CPU.ActiveCfg = Release|Any CPU
		{5A2A02F9-0CEB-48FD-84B2-C200CD61782B}.Release|Any CPU.Build.0 = Release|Any CPU
		{5D51E176-4C77-4DFF-8268-990C0775C27C}.Debug|Any CPU.ActiveCfg = Debug|Any CPU
		{5D51E176-4C77-4DFF-8268-990C0775C27C}.Debug|Any CPU.Build.0 = Debug|Any CPU
		{5D51E176-4C77-4DFF-8268-990C0775C27C}.Release|Any CPU.ActiveCfg = Release|Any CPU
		{5D51E176-4C77-4DFF-8268-990C0775C27C}.Release|Any CPU.Build.0 = Release|Any CPU
	EndGlobalSection
	GlobalSection(SolutionProperties) = preSolution
		HideSolutionNode = FALSE
	EndGlobalSection
EndGlobal
