
Microsoft Visual Studio Solution File, Format Version 12.00
# Visual Studio Version 17
VisualStudioVersion = 17.0.31903.59
MinimumVisualStudioVersion = 10.0.40219.1
Project("{FAE04EC0-301F-11D3-BF4B-00C04F79EFBC}") = "RealBuildPOC.SellerService.Domain", "RealBuildPOC.SellerService.Domain\RealBuildPOC.SellerService.Domain.csproj", "{0280579E-EC8D-4FF5-A932-C7E627FAD0D9}"
EndProject
Project("{FAE04EC0-301F-11D3-BF4B-00C04F79EFBC}") = "RealBuildPOC.SellerService.Application", "RealBuildPOC.SellerService.Application\RealBuildPOC.SellerService.Application.csproj", "{CCE34C86-FF3E-4D02-8056-011019D5B4C1}"
EndProject
Project("{FAE04EC0-301F-11D3-BF4B-00C04F79EFBC}") = "RealBuildPOC.SellerService.Infrastructure", "RealBuildPOC.SellerService.Infrastructure\RealBuildPOC.SellerService.Infrastructure.csproj", "{C6BA6531-A7BD-4DD0-8818-35F0D05CFC52}"
EndProject
Project("{FAE04EC0-301F-11D3-BF4B-00C04F79EFBC}") = "RealBuildPOC.SellerService.Api", "RealBuildPOC.SellerService.Api\RealBuildPOC.SellerService.Api.csproj", "{9073F906-88DE-43C1-A982-7EA48550DAE8}"
EndProject
Global
	GlobalSection(SolutionConfigurationPlatforms) = preSolution
		Debug|Any CPU = Debug|Any CPU
		Release|Any CPU = Release|Any CPU
	EndGlobalSection
	GlobalSection(SolutionProperties) = preSolution
		HideSolutionNode = FALSE
	EndGlobalSection
	GlobalSection(ProjectConfigurationPlatforms) = postSolution
		{0280579E-EC8D-4FF5-A932-C7E627FAD0D9}.Debug|Any CPU.ActiveCfg = Debug|Any CPU
		{0280579E-EC8D-4FF5-A932-C7E627FAD0D9}.Debug|Any CPU.Build.0 = Debug|Any CPU
		{0280579E-EC8D-4FF5-A932-C7E627FAD0D9}.Release|Any CPU.ActiveCfg = Release|Any CPU
		{0280579E-EC8D-4FF5-A932-C7E627FAD0D9}.Release|Any CPU.Build.0 = Release|Any CPU
		{CCE34C86-FF3E-4D02-8056-011019D5B4C1}.Debug|Any CPU.ActiveCfg = Debug|Any CPU
		{CCE34C86-FF3E-4D02-8056-011019D5B4C1}.Debug|Any CPU.Build.0 = Debug|Any CPU
		{CCE34C86-FF3E-4D02-8056-011019D5B4C1}.Release|Any CPU.ActiveCfg = Release|Any CPU
		{CCE34C86-FF3E-4D02-8056-011019D5B4C1}.Release|Any CPU.Build.0 = Release|Any CPU
		{C6BA6531-A7BD-4DD0-8818-35F0D05CFC52}.Debug|Any CPU.ActiveCfg = Debug|Any CPU
		{C6BA6531-A7BD-4DD0-8818-35F0D05CFC52}.Debug|Any CPU.Build.0 = Debug|Any CPU
		{C6BA6531-A7BD-4DD0-8818-35F0D05CFC52}.Release|Any CPU.ActiveCfg = Release|Any CPU
		{C6BA6531-A7BD-4DD0-8818-35F0D05CFC52}.Release|Any CPU.Build.0 = Release|Any CPU
		{9073F906-88DE-43C1-A982-7EA48550DAE8}.Debug|Any CPU.ActiveCfg = Debug|Any CPU
		{9073F906-88DE-43C1-A982-7EA48550DAE8}.Debug|Any CPU.Build.0 = Debug|Any CPU
		{9073F906-88DE-43C1-A982-7EA48550DAE8}.Release|Any CPU.ActiveCfg = Release|Any CPU
		{9073F906-88DE-43C1-A982-7EA48550DAE8}.Release|Any CPU.Build.0 = Release|Any CPU
	EndGlobalSection
EndGlobal
